
Microsoft Visual Studio Solution File, Format Version 12.00
# Visual Studio Version 16
VisualStudioVersion = 16.0.29230.54
MinimumVisualStudioVersion = 10.0.40219.1
Project("{9A19103F-16F7-4668-BE54-9A1E7A4F7556}") = "OpenGameMonitorWeb", "OpenGameMonitor\OpenGameMonitorWeb.csproj", "{EFEDEC27-5A9B-4069-81A5-EB36A7BC6862}"
EndProject
Project("{D954291E-2A0B-460D-934E-DC6B0785DB48}") = "OpenGameMonitorLibraries", "OpenGameMonitorLibraries\OpenGameMonitorLibraries.shproj", "{B82EAA51-96B0-4EAD-9D5F-52343EA10A99}"
EndProject
Project("{9A19103F-16F7-4668-BE54-9A1E7A4F7556}") = "OpenGameMonitorWorker", "OpenGameMonitorWorker\OpenGameMonitorWorker.csproj", "{5F697CC5-72BC-4D76-87E8-E8B9D1BADC15}"
EndProject
Project("{9A19103F-16F7-4668-BE54-9A1E7A4F7556}") = "CoreRCON", "CoreRCON\CoreRCON.csproj", "{6029C5ED-CD96-4DAF-9899-FE1F249D695B}"
EndProject
Project("{9A19103F-16F7-4668-BE54-9A1E7A4F7556}") = "OpenGameMonitorDBMigrations", "OpenGameMonitorDBMigrations\OpenGameMonitorDBMigrations.csproj", "{ECAFC154-E419-42C0-AA85-74B5AA02F7FC}"
EndProject
Project("{2150E333-8FDC-42A3-9474-1A3956D46DE8}") = "PTY", "PTY", "{A1D5322A-D3F6-401E-A8F6-9E3C61805B84}"
EndProject
Project("{9A19103F-16F7-4668-BE54-9A1E7A4F7556}") = "Pty.Net", "vs-pty.net\src\Pty.Net\Pty.Net.csproj", "{EA6AB44D-7A75-4BE9-BF95-A74F64C2C58E}"
EndProject
Project("{9A19103F-16F7-4668-BE54-9A1E7A4F7556}") = "Pty.Net.Tests", "vs-pty.net\src\Pty.Net.Tests\Pty.Net.Tests.csproj", "{16B79A47-23A7-48C9-9B9F-C258423A7F64}"
EndProject
Project("{9A19103F-16F7-4668-BE54-9A1E7A4F7556}") = "OSS.Sign", "vs-pty.net\src\OSS.Sign\OSS.Sign.csproj", "{BC451674-22BB-4A36-A169-BE100B4071A9}"
EndProject
Global
	GlobalSection(SharedMSBuildProjectFiles) = preSolution
		OpenGameMonitorLibraries\OpenGameMonitorLibraries.projitems*{b82eaa51-96b0-4ead-9d5f-52343ea10a99}*SharedItemsImports = 13
		OpenGameMonitorLibraries\OpenGameMonitorLibraries.projitems*{ecafc154-e419-42c0-aa85-74b5aa02f7fc}*SharedItemsImports = 5
	EndGlobalSection
	GlobalSection(SolutionConfigurationPlatforms) = preSolution
		AuditMode|Any CPU = AuditMode|Any CPU
		AuditMode|ARM64 = AuditMode|ARM64
		AuditMode|x64 = AuditMode|x64
		AuditMode|x86 = AuditMode|x86
		Debug|Any CPU = Debug|Any CPU
		Debug|ARM64 = Debug|ARM64
		Debug|x64 = Debug|x64
		Debug|x86 = Debug|x86
		Release|Any CPU = Release|Any CPU
		Release|ARM64 = Release|ARM64
		Release|x64 = Release|x64
		Release|x86 = Release|x86
	EndGlobalSection
	GlobalSection(ProjectConfigurationPlatforms) = postSolution
		{EFEDEC27-5A9B-4069-81A5-EB36A7BC6862}.AuditMode|Any CPU.ActiveCfg = Release|Any CPU
		{EFEDEC27-5A9B-4069-81A5-EB36A7BC6862}.AuditMode|Any CPU.Build.0 = Release|Any CPU
		{EFEDEC27-5A9B-4069-81A5-EB36A7BC6862}.AuditMode|ARM64.ActiveCfg = Release|Any CPU
		{EFEDEC27-5A9B-4069-81A5-EB36A7BC6862}.AuditMode|ARM64.Build.0 = Release|Any CPU
		{EFEDEC27-5A9B-4069-81A5-EB36A7BC6862}.AuditMode|x64.ActiveCfg = Release|Any CPU
		{EFEDEC27-5A9B-4069-81A5-EB36A7BC6862}.AuditMode|x64.Build.0 = Release|Any CPU
		{EFEDEC27-5A9B-4069-81A5-EB36A7BC6862}.AuditMode|x86.ActiveCfg = Release|Any CPU
		{EFEDEC27-5A9B-4069-81A5-EB36A7BC6862}.AuditMode|x86.Build.0 = Release|Any CPU
		{EFEDEC27-5A9B-4069-81A5-EB36A7BC6862}.Debug|Any CPU.ActiveCfg = Debug|Any CPU
		{EFEDEC27-5A9B-4069-81A5-EB36A7BC6862}.Debug|Any CPU.Build.0 = Debug|Any CPU
		{EFEDEC27-5A9B-4069-81A5-EB36A7BC6862}.Debug|ARM64.ActiveCfg = Debug|Any CPU
		{EFEDEC27-5A9B-4069-81A5-EB36A7BC6862}.Debug|ARM64.Build.0 = Debug|Any CPU
		{EFEDEC27-5A9B-4069-81A5-EB36A7BC6862}.Debug|x64.ActiveCfg = Debug|Any CPU
		{EFEDEC27-5A9B-4069-81A5-EB36A7BC6862}.Debug|x64.Build.0 = Debug|Any CPU
		{EFEDEC27-5A9B-4069-81A5-EB36A7BC6862}.Debug|x86.ActiveCfg = Debug|Any CPU
		{EFEDEC27-5A9B-4069-81A5-EB36A7BC6862}.Debug|x86.Build.0 = Debug|Any CPU
		{EFEDEC27-5A9B-4069-81A5-EB36A7BC6862}.Release|Any CPU.ActiveCfg = Release|Any CPU
		{EFEDEC27-5A9B-4069-81A5-EB36A7BC6862}.Release|Any CPU.Build.0 = Release|Any CPU
		{EFEDEC27-5A9B-4069-81A5-EB36A7BC6862}.Release|ARM64.ActiveCfg = Release|Any CPU
		{EFEDEC27-5A9B-4069-81A5-EB36A7BC6862}.Release|ARM64.Build.0 = Release|Any CPU
		{EFEDEC27-5A9B-4069-81A5-EB36A7BC6862}.Release|x64.ActiveCfg = Release|Any CPU
		{EFEDEC27-5A9B-4069-81A5-EB36A7BC6862}.Release|x64.Build.0 = Release|Any CPU
		{EFEDEC27-5A9B-4069-81A5-EB36A7BC6862}.Release|x86.ActiveCfg = Release|Any CPU
		{EFEDEC27-5A9B-4069-81A5-EB36A7BC6862}.Release|x86.Build.0 = Release|Any CPU
		{5F697CC5-72BC-4D76-87E8-E8B9D1BADC15}.AuditMode|Any CPU.ActiveCfg = Release|Any CPU
		{5F697CC5-72BC-4D76-87E8-E8B9D1BADC15}.AuditMode|Any CPU.Build.0 = Release|Any CPU
		{5F697CC5-72BC-4D76-87E8-E8B9D1BADC15}.AuditMode|ARM64.ActiveCfg = Release|Any CPU
		{5F697CC5-72BC-4D76-87E8-E8B9D1BADC15}.AuditMode|ARM64.Build.0 = Release|Any CPU
		{5F697CC5-72BC-4D76-87E8-E8B9D1BADC15}.AuditMode|x64.ActiveCfg = Release|Any CPU
		{5F697CC5-72BC-4D76-87E8-E8B9D1BADC15}.AuditMode|x64.Build.0 = Release|Any CPU
		{5F697CC5-72BC-4D76-87E8-E8B9D1BADC15}.AuditMode|x86.ActiveCfg = Release|Any CPU
		{5F697CC5-72BC-4D76-87E8-E8B9D1BADC15}.AuditMode|x86.Build.0 = Release|Any CPU
		{5F697CC5-72BC-4D76-87E8-E8B9D1BADC15}.Debug|Any CPU.ActiveCfg = Debug|Any CPU
		{5F697CC5-72BC-4D76-87E8-E8B9D1BADC15}.Debug|Any CPU.Build.0 = Debug|Any CPU
		{5F697CC5-72BC-4D76-87E8-E8B9D1BADC15}.Debug|ARM64.ActiveCfg = Debug|Any CPU
		{5F697CC5-72BC-4D76-87E8-E8B9D1BADC15}.Debug|ARM64.Build.0 = Debug|Any CPU
		{5F697CC5-72BC-4D76-87E8-E8B9D1BADC15}.Debug|x64.ActiveCfg = Debug|Any CPU
		{5F697CC5-72BC-4D76-87E8-E8B9D1BADC15}.Debug|x64.Build.0 = Debug|Any CPU
		{5F697CC5-72BC-4D76-87E8-E8B9D1BADC15}.Debug|x86.ActiveCfg = Debug|Any CPU
		{5F697CC5-72BC-4D76-87E8-E8B9D1BADC15}.Debug|x86.Build.0 = Debug|Any CPU
		{5F697CC5-72BC-4D76-87E8-E8B9D1BADC15}.Release|Any CPU.ActiveCfg = Release|Any CPU
		{5F697CC5-72BC-4D76-87E8-E8B9D1BADC15}.Release|Any CPU.Build.0 = Release|Any CPU
		{5F697CC5-72BC-4D76-87E8-E8B9D1BADC15}.Release|ARM64.ActiveCfg = Release|Any CPU
		{5F697CC5-72BC-4D76-87E8-E8B9D1BADC15}.Release|ARM64.Build.0 = Release|Any CPU
		{5F697CC5-72BC-4D76-87E8-E8B9D1BADC15}.Release|x64.ActiveCfg = Release|Any CPU
		{5F697CC5-72BC-4D76-87E8-E8B9D1BADC15}.Release|x64.Build.0 = Release|Any CPU
		{5F697CC5-72BC-4D76-87E8-E8B9D1BADC15}.Release|x86.ActiveCfg = Release|Any CPU
		{5F697CC5-72BC-4D76-87E8-E8B9D1BADC15}.Release|x86.Build.0 = Release|Any CPU
		{6029C5ED-CD96-4DAF-9899-FE1F249D695B}.AuditMode|Any CPU.ActiveCfg = Release|Any CPU
		{6029C5ED-CD96-4DAF-9899-FE1F249D695B}.AuditMode|Any CPU.Build.0 = Release|Any CPU
		{6029C5ED-CD96-4DAF-9899-FE1F249D695B}.AuditMode|ARM64.ActiveCfg = Release|Any CPU
		{6029C5ED-CD96-4DAF-9899-FE1F249D695B}.AuditMode|ARM64.Build.0 = Release|Any CPU
		{6029C5ED-CD96-4DAF-9899-FE1F249D695B}.AuditMode|x64.ActiveCfg = Release|Any CPU
		{6029C5ED-CD96-4DAF-9899-FE1F249D695B}.AuditMode|x64.Build.0 = Release|Any CPU
		{6029C5ED-CD96-4DAF-9899-FE1F249D695B}.AuditMode|x86.ActiveCfg = Release|Any CPU
		{6029C5ED-CD96-4DAF-9899-FE1F249D695B}.AuditMode|x86.Build.0 = Release|Any CPU
		{6029C5ED-CD96-4DAF-9899-FE1F249D695B}.Debug|Any CPU.ActiveCfg = Debug|Any CPU
		{6029C5ED-CD96-4DAF-9899-FE1F249D695B}.Debug|Any CPU.Build.0 = Debug|Any CPU
		{6029C5ED-CD96-4DAF-9899-FE1F249D695B}.Debug|ARM64.ActiveCfg = Debug|Any CPU
		{6029C5ED-CD96-4DAF-9899-FE1F249D695B}.Debug|ARM64.Build.0 = Debug|Any CPU
		{6029C5ED-CD96-4DAF-9899-FE1F249D695B}.Debug|x64.ActiveCfg = Debug|Any CPU
		{6029C5ED-CD96-4DAF-9899-FE1F249D695B}.Debug|x64.Build.0 = Debug|Any CPU
		{6029C5ED-CD96-4DAF-9899-FE1F249D695B}.Debug|x86.ActiveCfg = Debug|Any CPU
		{6029C5ED-CD96-4DAF-9899-FE1F249D695B}.Debug|x86.Build.0 = Debug|Any CPU
		{6029C5ED-CD96-4DAF-9899-FE1F249D695B}.Release|Any CPU.ActiveCfg = Release|Any CPU
		{6029C5ED-CD96-4DAF-9899-FE1F249D695B}.Release|Any CPU.Build.0 = Release|Any CPU
		{6029C5ED-CD96-4DAF-9899-FE1F249D695B}.Release|ARM64.ActiveCfg = Release|Any CPU
		{6029C5ED-CD96-4DAF-9899-FE1F249D695B}.Release|ARM64.Build.0 = Release|Any CPU
		{6029C5ED-CD96-4DAF-9899-FE1F249D695B}.Release|x64.ActiveCfg = Release|Any CPU
		{6029C5ED-CD96-4DAF-9899-FE1F249D695B}.Release|x64.Build.0 = Release|Any CPU
		{6029C5ED-CD96-4DAF-9899-FE1F249D695B}.Release|x86.ActiveCfg = Release|Any CPU
		{6029C5ED-CD96-4DAF-9899-FE1F249D695B}.Release|x86.Build.0 = Release|Any CPU
		{ECAFC154-E419-42C0-AA85-74B5AA02F7FC}.AuditMode|Any CPU.ActiveCfg = Release|Any CPU
		{ECAFC154-E419-42C0-AA85-74B5AA02F7FC}.AuditMode|Any CPU.Build.0 = Release|Any CPU
		{ECAFC154-E419-42C0-AA85-74B5AA02F7FC}.AuditMode|ARM64.ActiveCfg = Release|Any CPU
		{ECAFC154-E419-42C0-AA85-74B5AA02F7FC}.AuditMode|ARM64.Build.0 = Release|Any CPU
		{ECAFC154-E419-42C0-AA85-74B5AA02F7FC}.AuditMode|x64.ActiveCfg = Release|Any CPU
		{ECAFC154-E419-42C0-AA85-74B5AA02F7FC}.AuditMode|x64.Build.0 = Release|Any CPU
		{ECAFC154-E419-42C0-AA85-74B5AA02F7FC}.AuditMode|x86.ActiveCfg = Release|Any CPU
		{ECAFC154-E419-42C0-AA85-74B5AA02F7FC}.AuditMode|x86.Build.0 = Release|Any CPU
		{ECAFC154-E419-42C0-AA85-74B5AA02F7FC}.Debug|Any CPU.ActiveCfg = Debug|Any CPU
		{ECAFC154-E419-42C0-AA85-74B5AA02F7FC}.Debug|Any CPU.Build.0 = Debug|Any CPU
		{ECAFC154-E419-42C0-AA85-74B5AA02F7FC}.Debug|ARM64.ActiveCfg = Debug|Any CPU
		{ECAFC154-E419-42C0-AA85-74B5AA02F7FC}.Debug|ARM64.Build.0 = Debug|Any CPU
		{ECAFC154-E419-42C0-AA85-74B5AA02F7FC}.Debug|x64.ActiveCfg = Debug|Any CPU
		{ECAFC154-E419-42C0-AA85-74B5AA02F7FC}.Debug|x64.Build.0 = Debug|Any CPU
		{ECAFC154-E419-42C0-AA85-74B5AA02F7FC}.Debug|x86.ActiveCfg = Debug|Any CPU
		{ECAFC154-E419-42C0-AA85-74B5AA02F7FC}.Debug|x86.Build.0 = Debug|Any CPU
		{ECAFC154-E419-42C0-AA85-74B5AA02F7FC}.Release|Any CPU.ActiveCfg = Release|Any CPU
		{ECAFC154-E419-42C0-AA85-74B5AA02F7FC}.Release|Any CPU.Build.0 = Release|Any CPU
		{ECAFC154-E419-42C0-AA85-74B5AA02F7FC}.Release|ARM64.ActiveCfg = Release|Any CPU
		{ECAFC154-E419-42C0-AA85-74B5AA02F7FC}.Release|ARM64.Build.0 = Release|Any CPU
		{ECAFC154-E419-42C0-AA85-74B5AA02F7FC}.Release|x64.ActiveCfg = Release|Any CPU
		{ECAFC154-E419-42C0-AA85-74B5AA02F7FC}.Release|x64.Build.0 = Release|Any CPU
		{ECAFC154-E419-42C0-AA85-74B5AA02F7FC}.Release|x86.ActiveCfg = Release|Any CPU
		{ECAFC154-E419-42C0-AA85-74B5AA02F7FC}.Release|x86.Build.0 = Release|Any CPU
		{EA6AB44D-7A75-4BE9-BF95-A74F64C2C58E}.AuditMode|Any CPU.ActiveCfg = Release|Any CPU
		{EA6AB44D-7A75-4BE9-BF95-A74F64C2C58E}.AuditMode|Any CPU.Build.0 = Release|Any CPU
		{EA6AB44D-7A75-4BE9-BF95-A74F64C2C58E}.AuditMode|ARM64.ActiveCfg = Release|Any CPU
		{EA6AB44D-7A75-4BE9-BF95-A74F64C2C58E}.AuditMode|ARM64.Build.0 = Release|Any CPU
		{EA6AB44D-7A75-4BE9-BF95-A74F64C2C58E}.AuditMode|x64.ActiveCfg = Release|Any CPU
		{EA6AB44D-7A75-4BE9-BF95-A74F64C2C58E}.AuditMode|x64.Build.0 = Release|Any CPU
		{EA6AB44D-7A75-4BE9-BF95-A74F64C2C58E}.AuditMode|x86.ActiveCfg = Release|Any CPU
		{EA6AB44D-7A75-4BE9-BF95-A74F64C2C58E}.AuditMode|x86.Build.0 = Release|Any CPU
		{EA6AB44D-7A75-4BE9-BF95-A74F64C2C58E}.Debug|Any CPU.ActiveCfg = Debug|Any CPU
		{EA6AB44D-7A75-4BE9-BF95-A74F64C2C58E}.Debug|Any CPU.Build.0 = Debug|Any CPU
		{EA6AB44D-7A75-4BE9-BF95-A74F64C2C58E}.Debug|ARM64.ActiveCfg = Debug|Any CPU
		{EA6AB44D-7A75-4BE9-BF95-A74F64C2C58E}.Debug|ARM64.Build.0 = Debug|Any CPU
		{EA6AB44D-7A75-4BE9-BF95-A74F64C2C58E}.Debug|x64.ActiveCfg = Debug|Any CPU
		{EA6AB44D-7A75-4BE9-BF95-A74F64C2C58E}.Debug|x64.Build.0 = Debug|Any CPU
		{EA6AB44D-7A75-4BE9-BF95-A74F64C2C58E}.Debug|x86.ActiveCfg = Debug|Any CPU
		{EA6AB44D-7A75-4BE9-BF95-A74F64C2C58E}.Debug|x86.Build.0 = Debug|Any CPU
		{EA6AB44D-7A75-4BE9-BF95-A74F64C2C58E}.Release|Any CPU.ActiveCfg = Release|Any CPU
		{EA6AB44D-7A75-4BE9-BF95-A74F64C2C58E}.Release|Any CPU.Build.0 = Release|Any CPU
		{EA6AB44D-7A75-4BE9-BF95-A74F64C2C58E}.Release|ARM64.ActiveCfg = Release|Any CPU
		{EA6AB44D-7A75-4BE9-BF95-A74F64C2C58E}.Release|ARM64.Build.0 = Release|Any CPU
		{EA6AB44D-7A75-4BE9-BF95-A74F64C2C58E}.Release|x64.ActiveCfg = Release|Any CPU
		{EA6AB44D-7A75-4BE9-BF95-A74F64C2C58E}.Release|x64.Build.0 = Release|Any CPU
		{EA6AB44D-7A75-4BE9-BF95-A74F64C2C58E}.Release|x86.ActiveCfg = Release|Any CPU
		{EA6AB44D-7A75-4BE9-BF95-A74F64C2C58E}.Release|x86.Build.0 = Release|Any CPU
		{16B79A47-23A7-48C9-9B9F-C258423A7F64}.AuditMode|Any CPU.ActiveCfg = Release|Any CPU
		{16B79A47-23A7-48C9-9B9F-C258423A7F64}.AuditMode|Any CPU.Build.0 = Release|Any CPU
		{16B79A47-23A7-48C9-9B9F-C258423A7F64}.AuditMode|ARM64.ActiveCfg = Release|Any CPU
		{16B79A47-23A7-48C9-9B9F-C258423A7F64}.AuditMode|ARM64.Build.0 = Release|Any CPU
		{16B79A47-23A7-48C9-9B9F-C258423A7F64}.AuditMode|x64.ActiveCfg = Release|Any CPU
		{16B79A47-23A7-48C9-9B9F-C258423A7F64}.AuditMode|x64.Build.0 = Release|Any CPU
		{16B79A47-23A7-48C9-9B9F-C258423A7F64}.AuditMode|x86.ActiveCfg = Release|Any CPU
		{16B79A47-23A7-48C9-9B9F-C258423A7F64}.AuditMode|x86.Build.0 = Release|Any CPU
		{16B79A47-23A7-48C9-9B9F-C258423A7F64}.Debug|Any CPU.ActiveCfg = Debug|Any CPU
		{16B79A47-23A7-48C9-9B9F-C258423A7F64}.Debug|Any CPU.Build.0 = Debug|Any CPU
		{16B79A47-23A7-48C9-9B9F-C258423A7F64}.Debug|ARM64.ActiveCfg = Debug|Any CPU
		{16B79A47-23A7-48C9-9B9F-C258423A7F64}.Debug|ARM64.Build.0 = Debug|Any CPU
		{16B79A47-23A7-48C9-9B9F-C258423A7F64}.Debug|x64.ActiveCfg = Debug|Any CPU
		{16B79A47-23A7-48C9-9B9F-C258423A7F64}.Debug|x64.Build.0 = Debug|Any CPU
		{16B79A47-23A7-48C9-9B9F-C258423A7F64}.Debug|x86.ActiveCfg = Debug|Any CPU
		{16B79A47-23A7-48C9-9B9F-C258423A7F64}.Debug|x86.Build.0 = Debug|Any CPU
		{16B79A47-23A7-48C9-9B9F-C258423A7F64}.Release|Any CPU.ActiveCfg = Release|Any CPU
		{16B79A47-23A7-48C9-9B9F-C258423A7F64}.Release|Any CPU.Build.0 = Release|Any CPU
		{16B79A47-23A7-48C9-9B9F-C258423A7F64}.Release|ARM64.ActiveCfg = Release|Any CPU
		{16B79A47-23A7-48C9-9B9F-C258423A7F64}.Release|ARM64.Build.0 = Release|Any CPU
		{16B79A47-23A7-48C9-9B9F-C258423A7F64}.Release|x64.ActiveCfg = Release|Any CPU
		{16B79A47-23A7-48C9-9B9F-C258423A7F64}.Release|x64.Build.0 = Release|Any CPU
		{16B79A47-23A7-48C9-9B9F-C258423A7F64}.Release|x86.ActiveCfg = Release|Any CPU
		{16B79A47-23A7-48C9-9B9F-C258423A7F64}.Release|x86.Build.0 = Release|Any CPU
		{BC451674-22BB-4A36-A169-BE100B4071A9}.AuditMode|Any CPU.ActiveCfg = Release|Any CPU
		{BC451674-22BB-4A36-A169-BE100B4071A9}.AuditMode|Any CPU.Build.0 = Release|Any CPU
		{BC451674-22BB-4A36-A169-BE100B4071A9}.AuditMode|ARM64.ActiveCfg = Release|Any CPU
		{BC451674-22BB-4A36-A169-BE100B4071A9}.AuditMode|ARM64.Build.0 = Release|Any CPU
		{BC451674-22BB-4A36-A169-BE100B4071A9}.AuditMode|x64.ActiveCfg = Release|Any CPU
		{BC451674-22BB-4A36-A169-BE100B4071A9}.AuditMode|x64.Build.0 = Release|Any CPU
		{BC451674-22BB-4A36-A169-BE100B4071A9}.AuditMode|x86.ActiveCfg = Release|Any CPU
		{BC451674-22BB-4A36-A169-BE100B4071A9}.AuditMode|x86.Build.0 = Release|Any CPU
		{BC451674-22BB-4A36-A169-BE100B4071A9}.Debug|Any CPU.ActiveCfg = Debug|Any CPU
		{BC451674-22BB-4A36-A169-BE100B4071A9}.Debug|Any CPU.Build.0 = Debug|Any CPU
		{BC451674-22BB-4A36-A169-BE100B4071A9}.Debug|ARM64.ActiveCfg = Debug|Any CPU
		{BC451674-22BB-4A36-A169-BE100B4071A9}.Debug|ARM64.Build.0 = Debug|Any CPU
		{BC451674-22BB-4A36-A169-BE100B4071A9}.Debug|x64.ActiveCfg = Debug|Any CPU
		{BC451674-22BB-4A36-A169-BE100B4071A9}.Debug|x64.Build.0 = Debug|Any CPU
		{BC451674-22BB-4A36-A169-BE100B4071A9}.Debug|x86.ActiveCfg = Debug|Any CPU
		{BC451674-22BB-4A36-A169-BE100B4071A9}.Debug|x86.Build.0 = Debug|Any CPU
		{BC451674-22BB-4A36-A169-BE100B4071A9}.Release|Any CPU.ActiveCfg = Release|Any CPU
		{BC451674-22BB-4A36-A169-BE100B4071A9}.Release|Any CPU.Build.0 = Release|Any CPU
		{BC451674-22BB-4A36-A169-BE100B4071A9}.Release|ARM64.ActiveCfg = Release|Any CPU
		{BC451674-22BB-4A36-A169-BE100B4071A9}.Release|ARM64.Build.0 = Release|Any CPU
		{BC451674-22BB-4A36-A169-BE100B4071A9}.Release|x64.ActiveCfg = Release|Any CPU
		{BC451674-22BB-4A36-A169-BE100B4071A9}.Release|x64.Build.0 = Release|Any CPU
		{BC451674-22BB-4A36-A169-BE100B4071A9}.Release|x86.ActiveCfg = Release|Any CPU
		{BC451674-22BB-4A36-A169-BE100B4071A9}.Release|x86.Build.0 = Release|Any CPU
	EndGlobalSection
	GlobalSection(SolutionProperties) = preSolution
		HideSolutionNode = FALSE
	EndGlobalSection
	GlobalSection(NestedProjects) = preSolution
		{EA6AB44D-7A75-4BE9-BF95-A74F64C2C58E} = {A1D5322A-D3F6-401E-A8F6-9E3C61805B84}
		{16B79A47-23A7-48C9-9B9F-C258423A7F64} = {A1D5322A-D3F6-401E-A8F6-9E3C61805B84}
		{BC451674-22BB-4A36-A169-BE100B4071A9} = {A1D5322A-D3F6-401E-A8F6-9E3C61805B84}
	EndGlobalSection
	GlobalSection(ExtensibilityGlobals) = postSolution
		SolutionGuid = {BDDA91F7-CE04-4CF5-8662-269A7599EE88}
	EndGlobalSection
EndGlobal
