
Microsoft Visual Studio Solution File, Format Version 12.00
# Visual Studio Version 16
VisualStudioVersion = 16.0.29306.81
MinimumVisualStudioVersion = 10.0.40219.1
Project("{9A19103F-16F7-4668-BE54-9A1E7A4F7556}") = "OpenGameMonitorWeb", "OpenGameMonitor\OpenGameMonitorWeb.csproj", "{EFEDEC27-5A9B-4069-81A5-EB36A7BC6862}"
EndProject
Project("{D954291E-2A0B-460D-934E-DC6B0785DB48}") = "OpenGameMonitorLibraries", "OpenGameMonitorLibraries\OpenGameMonitorLibraries.shproj", "{B82EAA51-96B0-4EAD-9D5F-52343EA10A99}"
EndProject
Project("{9A19103F-16F7-4668-BE54-9A1E7A4F7556}") = "OpenGameMonitorWorker", "OpenGameMonitorWorker\OpenGameMonitorWorker.csproj", "{5F697CC5-72BC-4D76-87E8-E8B9D1BADC15}"
EndProject
Project("{9A19103F-16F7-4668-BE54-9A1E7A4F7556}") = "CoreRCON", "CoreRCON\CoreRCON.csproj", "{6029C5ED-CD96-4DAF-9899-FE1F249D695B}"
EndProject
Project("{9A19103F-16F7-4668-BE54-9A1E7A4F7556}") = "OpenGameMonitorDBMigrations", "OpenGameMonitorDBMigrations\OpenGameMonitorDBMigrations.csproj", "{ECAFC154-E419-42C0-AA85-74B5AA02F7FC}"
EndProject
Global
	GlobalSection(SharedMSBuildProjectFiles) = preSolution
		OpenGameMonitorLibraries\OpenGameMonitorLibraries.projitems*{b82eaa51-96b0-4ead-9d5f-52343ea10a99}*SharedItemsImports = 13
		OpenGameMonitorLibraries\OpenGameMonitorLibraries.projitems*{ecafc154-e419-42c0-aa85-74b5aa02f7fc}*SharedItemsImports = 5
	EndGlobalSection
	GlobalSection(SolutionConfigurationPlatforms) = preSolution
		Debug|Any CPU = Debug|Any CPU
		Debug|x86 = Debug|x86
		Release|Any CPU = Release|Any CPU
		Release|x86 = Release|x86
	EndGlobalSection
	GlobalSection(ProjectConfigurationPlatforms) = postSolution
		{EFEDEC27-5A9B-4069-81A5-EB36A7BC6862}.Debug|Any CPU.ActiveCfg = Debug|Any CPU
		{EFEDEC27-5A9B-4069-81A5-EB36A7BC6862}.Debug|Any CPU.Build.0 = Debug|Any CPU
		{EFEDEC27-5A9B-4069-81A5-EB36A7BC6862}.Debug|x86.ActiveCfg = Debug|Any CPU
		{EFEDEC27-5A9B-4069-81A5-EB36A7BC6862}.Debug|x86.Build.0 = Debug|Any CPU
		{EFEDEC27-5A9B-4069-81A5-EB36A7BC6862}.Release|Any CPU.ActiveCfg = Release|Any CPU
		{EFEDEC27-5A9B-4069-81A5-EB36A7BC6862}.Release|Any CPU.Build.0 = Release|Any CPU
		{EFEDEC27-5A9B-4069-81A5-EB36A7BC6862}.Release|x86.ActiveCfg = Release|Any CPU
		{EFEDEC27-5A9B-4069-81A5-EB36A7BC6862}.Release|x86.Build.0 = Release|Any CPU
		{5F697CC5-72BC-4D76-87E8-E8B9D1BADC15}.Debug|Any CPU.ActiveCfg = Debug|Any CPU
		{5F697CC5-72BC-4D76-87E8-E8B9D1BADC15}.Debug|Any CPU.Build.0 = Debug|Any CPU
		{5F697CC5-72BC-4D76-87E8-E8B9D1BADC15}.Debug|x86.ActiveCfg = Debug|Any CPU
		{5F697CC5-72BC-4D76-87E8-E8B9D1BADC15}.Debug|x86.Build.0 = Debug|Any CPU
		{5F697CC5-72BC-4D76-87E8-E8B9D1BADC15}.Release|Any CPU.ActiveCfg = Release|Any CPU
		{5F697CC5-72BC-4D76-87E8-E8B9D1BADC15}.Release|Any CPU.Build.0 = Release|Any CPU
		{5F697CC5-72BC-4D76-87E8-E8B9D1BADC15}.Release|x86.ActiveCfg = Release|Any CPU
		{5F697CC5-72BC-4D76-87E8-E8B9D1BADC15}.Release|x86.Build.0 = Release|Any CPU
		{6029C5ED-CD96-4DAF-9899-FE1F249D695B}.Debug|Any CPU.ActiveCfg = Debug|Any CPU
		{6029C5ED-CD96-4DAF-9899-FE1F249D695B}.Debug|Any CPU.Build.0 = Debug|Any CPU
		{6029C5ED-CD96-4DAF-9899-FE1F249D695B}.Debug|x86.ActiveCfg = Debug|Any CPU
		{6029C5ED-CD96-4DAF-9899-FE1F249D695B}.Debug|x86.Build.0 = Debug|Any CPU
		{6029C5ED-CD96-4DAF-9899-FE1F249D695B}.Release|Any CPU.ActiveCfg = Release|Any CPU
		{6029C5ED-CD96-4DAF-9899-FE1F249D695B}.Release|Any CPU.Build.0 = Release|Any CPU
		{6029C5ED-CD96-4DAF-9899-FE1F249D695B}.Release|x86.ActiveCfg = Release|Any CPU
		{6029C5ED-CD96-4DAF-9899-FE1F249D695B}.Release|x86.Build.0 = Release|Any CPU
		{ECAFC154-E419-42C0-AA85-74B5AA02F7FC}.Debug|Any CPU.ActiveCfg = Debug|Any CPU
		{ECAFC154-E419-42C0-AA85-74B5AA02F7FC}.Debug|Any CPU.Build.0 = Debug|Any CPU
		{ECAFC154-E419-42C0-AA85-74B5AA02F7FC}.Debug|x86.ActiveCfg = Debug|Any CPU
		{ECAFC154-E419-42C0-AA85-74B5AA02F7FC}.Debug|x86.Build.0 = Debug|Any CPU
		{ECAFC154-E419-42C0-AA85-74B5AA02F7FC}.Release|Any CPU.ActiveCfg = Release|Any CPU
		{ECAFC154-E419-42C0-AA85-74B5AA02F7FC}.Release|Any CPU.Build.0 = Release|Any CPU
		{ECAFC154-E419-42C0-AA85-74B5AA02F7FC}.Release|x86.ActiveCfg = Release|Any CPU
		{ECAFC154-E419-42C0-AA85-74B5AA02F7FC}.Release|x86.Build.0 = Release|Any CPU
	EndGlobalSection
	GlobalSection(SolutionProperties) = preSolution
		HideSolutionNode = FALSE
	EndGlobalSection
	GlobalSection(ExtensibilityGlobals) = postSolution
		SolutionGuid = {993211F4-818F-4C7D-8AF9-CA814783335D}
	EndGlobalSection
EndGlobal
